// !$*UTF8*$!
{
	archiveVersion = 1;
	classes = {
	};
	objectVersion = 56;
	objects = {

/* Begin PBXBuildFile section */
		198F486F2BEC7C4B005AE69C /* AppDelegate.m in Sources */ = {isa = PBXBuildFile; fileRef = 198F486E2BEC7C4B005AE69C /* AppDelegate.m */; };
		198F48722BEC7C4B005AE69C /* SceneDelegate.m in Sources */ = {isa = PBXBuildFile; fileRef = 198F48712BEC7C4B005AE69C /* SceneDelegate.m */; };
		198F48752BEC7C4B005AE69C /* ViewController.m in Sources */ = {isa = PBXBuildFile; fileRef = 198F48742BEC7C4B005AE69C /* ViewController.m */; };
		198F48782BEC7C4B005AE69C /* Main.storyboard in Resources */ = {isa = PBXBuildFile; fileRef = 198F48762BEC7C4B005AE69C /* Main.storyboard */; };
		198F487A2BEC7C4C005AE69C /* Assets.xcassets in Resources */ = {isa = PBXBuildFile; fileRef = 198F48792BEC7C4C005AE69C /* Assets.xcassets */; };
		198F487D2BEC7C4C005AE69C /* LaunchScreen.storyboard in Resources */ = {isa = PBXBuildFile; fileRef = 198F487B2BEC7C4C005AE69C /* LaunchScreen.storyboard */; };
		198F48802BEC7C4C005AE69C /* main.m in Sources */ = {isa = PBXBuildFile; fileRef = 198F487F2BEC7C4C005AE69C /* main.m */; };
		198F488A2BEC7C4C005AE69C /* gitDemoTests.m in Sources */ = {isa = PBXBuildFile; fileRef = 198F48892BEC7C4C005AE69C /* gitDemoTests.m */; };
		198F48942BEC7C4C005AE69C /* gitDemoUITests.m in Sources */ = {isa = PBXBuildFile; fileRef = 198F48932BEC7C4C005AE69C /* gitDemoUITests.m */; };
		198F48962BEC7C4C005AE69C /* gitDemoUITestsLaunchTests.m in Sources */ = {isa = PBXBuildFile; fileRef = 198F48952BEC7C4C005AE69C /* gitDemoUITestsLaunchTests.m */; };
/* End PBXBuildFile section */

/* Begin PBXContainerItemProxy section */
		198F48862BEC7C4C005AE69C /* PBXContainerItemProxy */ = {
			isa = PBXContainerItemProxy;
			containerPortal = 198F48622BEC7C4B005AE69C /* Project object */;
			proxyType = 1;
			remoteGlobalIDString = 198F48692BEC7C4B005AE69C;
			remoteInfo = gitDemo;
		};
		198F48902BEC7C4C005AE69C /* PBXContainerItemProxy */ = {
			isa = PBXContainerItemProxy;
			containerPortal = 198F48622BEC7C4B005AE69C /* Project object */;
			proxyType = 1;
			remoteGlobalIDString = 198F48692BEC7C4B005AE69C;
			remoteInfo = gitDemo;
		};
/* End PBXContainerItemProxy section */

/* Begin PBXFileReference section */
		198F486A2BEC7C4B005AE69C /* gitDemo.app */ = {isa = PBXFileReference; explicitFileType = wrapper.application; includeInIndex = 0; path = gitDemo.app; sourceTree = BUILT_PRODUCTS_DIR; };
		198F486D2BEC7C4B005AE69C /* AppDelegate.h */ = {isa = PBXFileReference; lastKnownFileType = sourcecode.c.h; path = AppDelegate.h; sourceTree = "<group>"; };
		198F486E2BEC7C4B005AE69C /* AppDelegate.m */ = {isa = PBXFileReference; lastKnownFileType = sourcecode.c.objc; path = AppDelegate.m; sourceTree = "<group>"; };
		198F48702BEC7C4B005AE69C /* SceneDelegate.h */ = {isa = PBXFileReference; lastKnownFileType = sourcecode.c.h; path = SceneDelegate.h; sourceTree = "<group>"; };
		198F48712BEC7C4B005AE69C /* SceneDelegate.m */ = {isa = PBXFileReference; lastKnownFileType = sourcecode.c.objc; path = SceneDelegate.m; sourceTree = "<group>"; };
		198F48732BEC7C4B005AE69C /* ViewController.h */ = {isa = PBXFileReference; lastKnownFileType = sourcecode.c.h; path = ViewController.h; sourceTree = "<group>"; };
		198F48742BEC7C4B005AE69C /* ViewController.m */ = {isa = PBXFileReference; lastKnownFileType = sourcecode.c.objc; path = ViewController.m; sourceTree = "<group>"; };
		198F48772BEC7C4B005AE69C /* Base */ = {isa = PBXFileReference; lastKnownFileType = file.storyboard; name = Base; path = Base.lproj/Main.storyboard; sourceTree = "<group>"; };
		198F48792BEC7C4C005AE69C /* Assets.xcassets */ = {isa = PBXFileReference; lastKnownFileType = folder.assetcatalog; path = Assets.xcassets; sourceTree = "<group>"; };
		198F487C2BEC7C4C005AE69C /* Base */ = {isa = PBXFileReference; lastKnownFileType = file.storyboard; name = Base; path = Base.lproj/LaunchScreen.storyboard; sourceTree = "<group>"; };
		198F487E2BEC7C4C005AE69C /* Info.plist */ = {isa = PBXFileReference; lastKnownFileType = text.plist.xml; path = Info.plist; sourceTree = "<group>"; };
		198F487F2BEC7C4C005AE69C /* main.m */ = {isa = PBXFileReference; lastKnownFileType = sourcecode.c.objc; path = main.m; sourceTree = "<group>"; };
		198F48852BEC7C4C005AE69C /* gitDemoTests.xctest */ = {isa = PBXFileReference; explicitFileType = wrapper.cfbundle; includeInIndex = 0; path = gitDemoTests.xctest; sourceTree = BUILT_PRODUCTS_DIR; };
		198F48892BEC7C4C005AE69C /* gitDemoTests.m */ = {isa = PBXFileReference; lastKnownFileType = sourcecode.c.objc; path = gitDemoTests.m; sourceTree = "<group>"; };
		198F488F2BEC7C4C005AE69C /* gitDemoUITests.xctest */ = {isa = PBXFileReference; explicitFileType = wrapper.cfbundle; includeInIndex = 0; path = gitDemoUITests.xctest; sourceTree = BUILT_PRODUCTS_DIR; };
		198F48932BEC7C4C005AE69C /* gitDemoUITests.m */ = {isa = PBXFileReference; lastKnownFileType = sourcecode.c.objc; path = gitDemoUITests.m; sourceTree = "<group>"; };
		198F48952BEC7C4C005AE69C /* gitDemoUITestsLaunchTests.m */ = {isa = PBXFileReference; lastKnownFileType = sourcecode.c.objc; path = gitDemoUITestsLaunchTests.m; sourceTree = "<group>"; };
/* End PBXFileReference section */

/* Begin PBXFrameworksBuildPhase section */
		198F48672BEC7C4B005AE69C /* Frameworks */ = {
			isa = PBXFrameworksBuildPhase;
			buildActionMask = 2147483647;
			files = (
			);
			runOnlyForDeploymentPostprocessing = 0;
		};
		198F48822BEC7C4C005AE69C /* Frameworks */ = {
			isa = PBXFrameworksBuildPhase;
			buildActionMask = 2147483647;
			files = (
			);
			runOnlyForDeploymentPostprocessing = 0;
		};
		198F488C2BEC7C4C005AE69C /* Frameworks */ = {
			isa = PBXFrameworksBuildPhase;
			buildActionMask = 2147483647;
			files = (
			);
			runOnlyForDeploymentPostprocessing = 0;
		};
/* End PBXFrameworksBuildPhase section */

/* Begin PBXGroup section */
		198F48612BEC7C4B005AE69C = {
			isa = PBXGroup;
			children = (
				198F486C2BEC7C4B005AE69C /* gitDemo */,
				198F48882BEC7C4C005AE69C /* gitDemoTests */,
				198F48922BEC7C4C005AE69C /* gitDemoUITests */,
				198F486B2BEC7C4B005AE69C /* Products */,
			);
			sourceTree = "<group>";
		};
		198F486B2BEC7C4B005AE69C /* Products */ = {
			isa = PBXGroup;
			children = (
				198F486A2BEC7C4B005AE69C /* gitDemo.app */,
				198F48852BEC7C4C005AE69C /* gitDemoTests.xctest */,
				198F488F2BEC7C4C005AE69C /* gitDemoUITests.xctest */,
			);
			name = Products;
			sourceTree = "<group>";
		};
		198F486C2BEC7C4B005AE69C /* gitDemo */ = {
			isa = PBXGroup;
			children = (
				198F486D2BEC7C4B005AE69C /* AppDelegate.h */,
				198F486E2BEC7C4B005AE69C /* AppDelegate.m */,
				198F48702BEC7C4B005AE69C /* SceneDelegate.h */,
				198F48712BEC7C4B005AE69C /* SceneDelegate.m */,
				198F48732BEC7C4B005AE69C /* ViewController.h */,
				198F48742BEC7C4B005AE69C /* ViewController.m */,
				198F48762BEC7C4B005AE69C /* Main.storyboard */,
				198F48792BEC7C4C005AE69C /* Assets.xcassets */,
				198F487B2BEC7C4C005AE69C /* LaunchScreen.storyboard */,
				198F487E2BEC7C4C005AE69C /* Info.plist */,
				198F487F2BEC7C4C005AE69C /* main.m */,
			);
			path = gitDemo;
			sourceTree = "<group>";
		};
		198F48882BEC7C4C005AE69C /* gitDemoTests */ = {
			isa = PBXGroup;
			children = (
				198F48892BEC7C4C005AE69C /* gitDemoTests.m */,
			);
			path = gitDemoTests;
			sourceTree = "<group>";
		};
		198F48922BEC7C4C005AE69C /* gitDemoUITests */ = {
			isa = PBXGroup;
			children = (
				198F48932BEC7C4C005AE69C /* gitDemoUITests.m */,
				198F48952BEC7C4C005AE69C /* gitDemoUITestsLaunchTests.m */,
			);
			path = gitDemoUITests;
			sourceTree = "<group>";
		};
/* End PBXGroup section */

/* Begin PBXNativeTarget section */
		198F48692BEC7C4B005AE69C /* gitDemo */ = {
			isa = PBXNativeTarget;
			buildConfigurationList = 198F48992BEC7C4C005AE69C /* Build configuration list for PBXNativeTarget "gitDemo" */;
			buildPhases = (
				198F48662BEC7C4B005AE69C /* Sources */,
				198F48672BEC7C4B005AE69C /* Frameworks */,
				198F48682BEC7C4B005AE69C /* Resources */,
			);
			buildRules = (
			);
			dependencies = (
			);
			name = gitDemo;
			productName = gitDemo;
			productReference = 198F486A2BEC7C4B005AE69C /* gitDemo.app */;
			productType = "com.apple.product-type.application";
		};
		198F48842BEC7C4C005AE69C /* gitDemoTests */ = {
			isa = PBXNativeTarget;
			buildConfigurationList = 198F489C2BEC7C4C005AE69C /* Build configuration list for PBXNativeTarget "gitDemoTests" */;
			buildPhases = (
				198F48812BEC7C4C005AE69C /* Sources */,
				198F48822BEC7C4C005AE69C /* Frameworks */,
				198F48832BEC7C4C005AE69C /* Resources */,
			);
			buildRules = (
			);
			dependencies = (
				198F48872BEC7C4C005AE69C /* PBXTargetDependency */,
			);
			name = gitDemoTests;
			productName = gitDemoTests;
			productReference = 198F48852BEC7C4C005AE69C /* gitDemoTests.xctest */;
			productType = "com.apple.product-type.bundle.unit-test";
		};
		198F488E2BEC7C4C005AE69C /* gitDemoUITests */ = {
			isa = PBXNativeTarget;
			buildConfigurationList = 198F489F2BEC7C4C005AE69C /* Build configuration list for PBXNativeTarget "gitDemoUITests" */;
			buildPhases = (
				198F488B2BEC7C4C005AE69C /* Sources */,
				198F488C2BEC7C4C005AE69C /* Frameworks */,
				198F488D2BEC7C4C005AE69C /* Resources */,
			);
			buildRules = (
			);
			dependencies = (
				198F48912BEC7C4C005AE69C /* PBXTargetDependency */,
			);
			name = gitDemoUITests;
			productName = gitDemoUITests;
			productReference = 198F488F2BEC7C4C005AE69C /* gitDemoUITests.xctest */;
			productType = "com.apple.product-type.bundle.ui-testing";
		};
/* End PBXNativeTarget section */

/* Begin PBXProject section */
		198F48622BEC7C4B005AE69C /* Project object */ = {
			isa = PBXProject;
			attributes = {
				BuildIndependentTargetsInParallel = 1;
				LastUpgradeCheck = 1510;
				TargetAttributes = {
					198F48692BEC7C4B005AE69C = {
						CreatedOnToolsVersion = 15.1;
					};
					198F48842BEC7C4C005AE69C = {
						CreatedOnToolsVersion = 15.1;
						TestTargetID = 198F48692BEC7C4B005AE69C;
					};
					198F488E2BEC7C4C005AE69C = {
						CreatedOnToolsVersion = 15.1;
						TestTargetID = 198F48692BEC7C4B005AE69C;
					};
				};
			};
			buildConfigurationList = 198F48652BEC7C4B005AE69C /* Build configuration list for PBXProject "gitDemo" */;
			compatibilityVersion = "Xcode 14.0";
			developmentRegion = en;
			hasScannedForEncodings = 0;
			knownRegions = (
				en,
				Base,
			);
			mainGroup = 198F48612BEC7C4B005AE69C;
			productRefGroup = 198F486B2BEC7C4B005AE69C /* Products */;
			projectDirPath = "";
			projectRoot = "";
			targets = (
				198F48692BEC7C4B005AE69C /* gitDemo */,
				198F48842BEC7C4C005AE69C /* gitDemoTests */,
				198F488E2BEC7C4C005AE69C /* gitDemoUITests */,
			);
		};
/* End PBXProject section */

/* Begin PBXResourcesBuildPhase section */
		198F48682BEC7C4B005AE69C /* Resources */ = {
			isa = PBXResourcesBuildPhase;
			buildActionMask = 2147483647;
			files = (
				198F487D2BEC7C4C005AE69C /* LaunchScreen.storyboard in Resources */,
				198F487A2BEC7C4C005AE69C /* Assets.xcassets in Resources */,
				198F48782BEC7C4B005AE69C /* Main.storyboard in Resources */,
			);
			runOnlyForDeploymentPostprocessing = 0;
		};
		198F48832BEC7C4C005AE69C /* Resources */ = {
			isa = PBXResourcesBuildPhase;
			buildActionMask = 2147483647;
			files = (
			);
			runOnlyForDeploymentPostprocessing = 0;
		};
		198F488D2BEC7C4C005AE69C /* Resources */ = {
			isa = PBXResourcesBuildPhase;
			buildActionMask = 2147483647;
			files = (
			);
			runOnlyForDeploymentPostprocessing = 0;
		};
/* End PBXResourcesBuildPhase section */

/* Begin PBXSourcesBuildPhase section */
		198F48662BEC7C4B005AE69C /* Sources */ = {
			isa = PBXSourcesBuildPhase;
			buildActionMask = 2147483647;
			files = (
				198F48752BEC7C4B005AE69C /* ViewController.m in Sources */,
				198F486F2BEC7C4B005AE69C /* AppDelegate.m in Sources */,
				198F48802BEC7C4C005AE69C /* main.m in Sources */,
				198F48722BEC7C4B005AE69C /* SceneDelegate.m in Sources */,
			);
			runOnlyForDeploymentPostprocessing = 0;
		};
		198F48812BEC7C4C005AE69C /* Sources */ = {
			isa = PBXSourcesBuildPhase;
			buildActionMask = 2147483647;
			files = (
				198F488A2BEC7C4C005AE69C /* gitDemoTests.m in Sources */,
			);
			runOnlyForDeploymentPostprocessing = 0;
		};
		198F488B2BEC7C4C005AE69C /* Sources */ = {
			isa = PBXSourcesBuildPhase;
			buildActionMask = 2147483647;
			files = (
				198F48962BEC7C4C005AE69C /* gitDemoUITestsLaunchTests.m in Sources */,
				198F48942BEC7C4C005AE69C /* gitDemoUITests.m in Sources */,
			);
			runOnlyForDeploymentPostprocessing = 0;
		};
/* End PBXSourcesBuildPhase section */

/* Begin PBXTargetDependency section */
		198F48872BEC7C4C005AE69C /* PBXTargetDependency */ = {
			isa = PBXTargetDependency;
			target = 198F48692BEC7C4B005AE69C /* gitDemo */;
			targetProxy = 198F48862BEC7C4C005AE69C /* PBXContainerItemProxy */;
		};
		198F48912BEC7C4C005AE69C /* PBXTargetDependency */ = {
			isa = PBXTargetDependency;
			target = 198F48692BEC7C4B005AE69C /* gitDemo */;
			targetProxy = 198F48902BEC7C4C005AE69C /* PBXContainerItemProxy */;
		};
/* End PBXTargetDependency section */

/* Begin PBXVariantGroup section */
		198F48762BEC7C4B005AE69C /* Main.storyboard */ = {
			isa = PBXVariantGroup;
			children = (
				198F48772BEC7C4B005AE69C /* Base */,
			);
			name = Main.storyboard;
			sourceTree = "<group>";
		};
		198F487B2BEC7C4C005AE69C /* LaunchScreen.storyboard */ = {
			isa = PBXVariantGroup;
			children = (
				198F487C2BEC7C4C005AE69C /* Base */,
			);
			name = LaunchScreen.storyboard;
			sourceTree = "<group>";
		};
/* End PBXVariantGroup section */

/* Begin XCBuildConfiguration section */
		198F48972BEC7C4C005AE69C /* Debug */ = {
			isa = XCBuildConfiguration;
			buildSettings = {
				ALWAYS_SEARCH_USER_PATHS = NO;
				ASSETCATALOG_COMPILER_GENERATE_SWIFT_ASSET_SYMBOL_EXTENSIONS = YES;
				CLANG_ANALYZER_NONNULL = YES;
				CLANG_ANALYZER_NUMBER_OBJECT_CONVERSION = YES_AGGRESSIVE;
				CLANG_CXX_LANGUAGE_STANDARD = "gnu++20";
				CLANG_ENABLE_MODULES = YES;
				CLANG_ENABLE_OBJC_ARC = YES;
				CLANG_ENABLE_OBJC_WEAK = YES;
				CLANG_WARN_BLOCK_CAPTURE_AUTORELEASING = YES;
				CLANG_WARN_BOOL_CONVERSION = YES;
				CLANG_WARN_COMMA = YES;
				CLANG_WARN_CONSTANT_CONVERSION = YES;
				CLANG_WARN_DEPRECATED_OBJC_IMPLEMENTATIONS = YES;
				CLANG_WARN_DIRECT_OBJC_ISA_USAGE = YES_ERROR;
				CLANG_WARN_DOCUMENTATION_COMMENTS = YES;
				CLANG_WARN_EMPTY_BODY = YES;
				CLANG_WARN_ENUM_CONVERSION = YES;
				CLANG_WARN_INFINITE_RECURSION = YES;
				CLANG_WARN_INT_CONVERSION = YES;
				CLANG_WARN_NON_LITERAL_NULL_CONVERSION = YES;
				CLANG_WARN_OBJC_IMPLICIT_RETAIN_SELF = YES;
				CLANG_WARN_OBJC_LITERAL_CONVERSION = YES;
				CLANG_WARN_OBJC_ROOT_CLASS = YES_ERROR;
				CLANG_WARN_QUOTED_INCLUDE_IN_FRAMEWORK_HEADER = YES;
				CLANG_WARN_RANGE_LOOP_ANALYSIS = YES;
				CLANG_WARN_STRICT_PROTOTYPES = YES;
				CLANG_WARN_SUSPICIOUS_MOVE = YES;
				CLANG_WARN_UNGUARDED_AVAILABILITY = YES_AGGRESSIVE;
				CLANG_WARN_UNREACHABLE_CODE = YES;
				CLANG_WARN__DUPLICATE_METHOD_MATCH = YES;
				COPY_PHASE_STRIP = NO;
				DEBUG_INFORMATION_FORMAT = dwarf;
				ENABLE_STRICT_OBJC_MSGSEND = YES;
				ENABLE_TESTABILITY = YES;
				ENABLE_USER_SCRIPT_SANDBOXING = YES;
				GCC_C_LANGUAGE_STANDARD = gnu17;
				GCC_DYNAMIC_NO_PIC = NO;
				GCC_NO_COMMON_BLOCKS = YES;
				GCC_OPTIMIZATION_LEVEL = 0;
				GCC_PREPROCESSOR_DEFINITIONS = (
					"DEBUG=1",
					"$(inherited)",
				);
				GCC_WARN_64_TO_32_BIT_CONVERSION = YES;
				GCC_WARN_ABOUT_RETURN_TYPE = YES_ERROR;
				GCC_WARN_UNDECLARED_SELECTOR = YES;
				GCC_WARN_UNINITIALIZED_AUTOS = YES_AGGRESSIVE;
				GCC_WARN_UNUSED_FUNCTION = YES;
				GCC_WARN_UNUSED_VARIABLE = YES;
				IPHONEOS_DEPLOYMENT_TARGET = 17.2;
				LOCALIZATION_PREFERS_STRING_CATALOGS = YES;
				MTL_ENABLE_DEBUG_INFO = INCLUDE_SOURCE;
				MTL_FAST_MATH = YES;
				ONLY_ACTIVE_ARCH = YES;
				SDKROOT = iphoneos;
			};
			name = Debug;
		};
		198F48982BEC7C4C005AE69C /* Release */ = {
			isa = XCBuildConfiguration;
			buildSettings = {
				ALWAYS_SEARCH_USER_PATHS = NO;
				ASSETCATALOG_COMPILER_GENERATE_SWIFT_ASSET_SYMBOL_EXTENSIONS = YES;
				CLANG_ANALYZER_NONNULL = YES;
				CLANG_ANALYZER_NUMBER_OBJECT_CONVERSION = YES_AGGRESSIVE;
				CLANG_CXX_LANGUAGE_STANDARD = "gnu++20";
				CLANG_ENABLE_MODULES = YES;
				CLANG_ENABLE_OBJC_ARC = YES;
				CLANG_ENABLE_OBJC_WEAK = YES;
				CLANG_WARN_BLOCK_CAPTURE_AUTORELEASING = YES;
				CLANG_WARN_BOOL_CONVERSION = YES;
				CLANG_WARN_COMMA = YES;
				CLANG_WARN_CONSTANT_CONVERSION = YES;
				CLANG_WARN_DEPRECATED_OBJC_IMPLEMENTATIONS = YES;
				CLANG_WARN_DIRECT_OBJC_ISA_USAGE = YES_ERROR;
				CLANG_WARN_DOCUMENTATION_COMMENTS = YES;
				CLANG_WARN_EMPTY_BODY = YES;
				CLANG_WARN_ENUM_CONVERSION = YES;
				CLANG_WARN_INFINITE_RECURSION = YES;
				CLANG_WARN_INT_CONVERSION = YES;
				CLANG_WARN_NON_LITERAL_NULL_CONVERSION = YES;
				CLANG_WARN_OBJC_IMPLICIT_RETAIN_SELF = YES;
				CLANG_WARN_OBJC_LITERAL_CONVERSION = YES;
				CLANG_WARN_OBJC_ROOT_CLASS = YES_ERROR;
				CLANG_WARN_QUOTED_INCLUDE_IN_FRAMEWORK_HEADER = YES;
				CLANG_WARN_RANGE_LOOP_ANALYSIS = YES;
				CLANG_WARN_STRICT_PROTOTYPES = YES;
				CLANG_WARN_SUSPICIOUS_MOVE = YES;
				CLANG_WARN_UNGUARDED_AVAILABILITY = YES_AGGRESSIVE;
				CLANG_WARN_UNREACHABLE_CODE = YES;
				CLANG_WARN__DUPLICATE_METHOD_MATCH = YES;
				COPY_PHASE_STRIP = NO;
				DEBUG_INFORMATION_FORMAT = "dwarf-with-dsym";
				ENABLE_NS_ASSERTIONS = NO;
				ENABLE_STRICT_OBJC_MSGSEND = YES;
				ENABLE_USER_SCRIPT_SANDBOXING = YES;
				GCC_C_LANGUAGE_STANDARD = gnu17;
				GCC_NO_COMMON_BLOCKS = YES;
				GCC_WARN_64_TO_32_BIT_CONVERSION = YES;
				GCC_WARN_ABOUT_RETURN_TYPE = YES_ERROR;
				GCC_WARN_UNDECLARED_SELECTOR = YES;
				GCC_WARN_UNINITIALIZED_AUTOS = YES_AGGRESSIVE;
				GCC_WARN_UNUSED_FUNCTION = YES;
				GCC_WARN_UNUSED_VARIABLE = YES;
				IPHONEOS_DEPLOYMENT_TARGET = 17.2;
				LOCALIZATION_PREFERS_STRING_CATALOGS = YES;
				MTL_ENABLE_DEBUG_INFO = NO;
				MTL_FAST_MATH = YES;
				SDKROOT = iphoneos;
				VALIDATE_PRODUCT = YES;
			};
			name = Release;
		};
		198F489A2BEC7C4C005AE69C /* Debug */ = {
			isa = XCBuildConfiguration;
			buildSettings = {
				ASSETCATALOG_COMPILER_APPICON_NAME = AppIcon;
				ASSETCATALOG_COMPILER_GLOBAL_ACCENT_COLOR_NAME = AccentColor;
				CODE_SIGN_STYLE = Automatic;
				CURRENT_PROJECT_VERSION = 1;
				GENERATE_INFOPLIST_FILE = YES;
				INFOPLIST_FILE = gitDemo/Info.plist;
				INFOPLIST_KEY_UIApplicationSupportsIndirectInputEvents = YES;
				INFOPLIST_KEY_UILaunchStoryboardName = LaunchScreen;
				INFOPLIST_KEY_UIMainStoryboardFile = Main;
				INFOPLIST_KEY_UISupportedInterfaceOrientations_iPad = "UIInterfaceOrientationPortrait UIInterfaceOrientationPortraitUpsideDown UIInterfaceOrientationLandscapeLeft UIInterfaceOrientationLandscapeRight";
				INFOPLIST_KEY_UISupportedInterfaceOrientations_iPhone = "UIInterfaceOrientationPortrait UIInterfaceOrientationLandscapeLeft UIInterfaceOrientationLandscapeRight";
				LD_RUNPATH_SEARCH_PATHS = (
					"$(inherited)",
					"@executable_path/Frameworks",
				);
				MARKETING_VERSION = 1.0;
				PRODUCT_BUNDLE_IDENTIFIER = kye.com.cn.gitDemo;
				PRODUCT_NAME = "$(TARGET_NAME)";
				SWIFT_EMIT_LOC_STRINGS = YES;
				TARGETED_DEVICE_FAMILY = "1,2";
			};
			name = Debug;
		};
		198F489B2BEC7C4C005AE69C /* Release */ = {
			isa = XCBuildConfiguration;
			buildSettings = {
				ASSETCATALOG_COMPILER_APPICON_NAME = AppIcon;
				ASSETCATALOG_COMPILER_GLOBAL_ACCENT_COLOR_NAME = AccentColor;
				CODE_SIGN_STYLE = Automatic;
				CURRENT_PROJECT_VERSION = 1;
				GENERATE_INFOPLIST_FILE = YES;
				INFOPLIST_FILE = gitDemo/Info.plist;
				INFOPLIST_KEY_UIApplicationSupportsIndirectInputEvents = YES;
				INFOPLIST_KEY_UILaunchStoryboardName = LaunchScreen;
				INFOPLIST_KEY_UIMainStoryboardFile = Main;
				INFOPLIST_KEY_UISupportedInterfaceOrientations_iPad = "UIInterfaceOrientationPortrait UIInterfaceOrientationPortraitUpsideDown UIInterfaceOrientationLandscapeLeft UIInterfaceOrientationLandscapeRight";
				INFOPLIST_KEY_UISupportedInterfaceOrientations_iPhone = "UIInterfaceOrientationPortrait UIInterfaceOrientationLandscapeLeft UIInterfaceOrientationLandscapeRight";
				LD_RUNPATH_SEARCH_PATHS = (
					"$(inherited)",
					"@executable_path/Frameworks",
				);
				MARKETING_VERSION = 1.0;
				PRODUCT_BUNDLE_IDENTIFIER = kye.com.cn.gitDemo;
				PRODUCT_NAME = "$(TARGET_NAME)";
				SWIFT_EMIT_LOC_STRINGS = YES;
				TARGETED_DEVICE_FAMILY = "1,2";
			};
			name = Release;
		};
		198F489D2BEC7C4C005AE69C /* Debug */ = {
			isa = XCBuildConfiguration;
			buildSettings = {
				BUNDLE_LOADER = "$(TEST_HOST)";
				CODE_SIGN_STYLE = Automatic;
				CURRENT_PROJECT_VERSION = 1;
				GENERATE_INFOPLIST_FILE = YES;
				IPHONEOS_DEPLOYMENT_TARGET = 17.2;
				MARKETING_VERSION = 1.0;
				PRODUCT_BUNDLE_IDENTIFIER = kye.com.cn.gitDemoTests;
				PRODUCT_NAME = "$(TARGET_NAME)";
				SWIFT_EMIT_LOC_STRINGS = NO;
				TARGETED_DEVICE_FAMILY = "1,2";
				TEST_HOST = "$(BUILT_PRODUCTS_DIR)/gitDemo.app/$(BUNDLE_EXECUTABLE_FOLDER_PATH)/gitDemo";
			};
			name = Debug;
		};
		198F489E2BEC7C4C005AE69C /* Release */ = {
			isa = XCBuildConfiguration;
			buildSettings = {
				BUNDLE_LOADER = "$(TEST_HOST)";
				CODE_SIGN_STYLE = Automatic;
				CURRENT_PROJECT_VERSION = 1;
				GENERATE_INFOPLIST_FILE = YES;
				IPHONEOS_DEPLOYMENT_TARGET = 17.2;
				MARKETING_VERSION = 1.0;
				PRODUCT_BUNDLE_IDENTIFIER = kye.com.cn.gitDemoTests;
				PRODUCT_NAME = "$(TARGET_NAME)";
				SWIFT_EMIT_LOC_STRINGS = NO;
				TARGETED_DEVICE_FAMILY = "1,2";
				TEST_HOST = "$(BUILT_PRODUCTS_DIR)/gitDemo.app/$(BUNDLE_EXECUTABLE_FOLDER_PATH)/gitDemo";
			};
			name = Release;
		};
		198F48A02BEC7C4C005AE69C /* Debug */ = {
			isa = XCBuildConfiguration;
			buildSettings = {
				CODE_SIGN_STYLE = Automatic;
				CURRENT_PROJECT_VERSION = 1;
				GENERATE_INFOPLIST_FILE = YES;
				MARKETING_VERSION = 1.0;
				PRODUCT_BUNDLE_IDENTIFIER = kye.com.cn.gitDemoUITests;
				PRODUCT_NAME = "$(TARGET_NAME)";
				SWIFT_EMIT_LOC_STRINGS = NO;
				TARGETED_DEVICE_FAMILY = "1,2";
				TEST_TARGET_NAME = gitDemo;
			};
			name = Debug;
		};
		198F48A12BEC7C4C005AE69C /* Release */ = {
			isa = XCBuildConfiguration;
			buildSettings = {
				CODE_SIGN_STYLE = Automatic;
				CURRENT_PROJECT_VERSION = 1;
				GENERATE_INFOPLIST_FILE = YES;
				MARKETING_VERSION = 1.0;
				PRODUCT_BUNDLE_IDENTIFIER = kye.com.cn.gitDemoUITests;
				PRODUCT_NAME = "$(TARGET_NAME)";
				SWIFT_EMIT_LOC_STRINGS = NO;
				TARGETED_DEVICE_FAMILY = "1,2";
				TEST_TARGET_NAME = gitDemo;
			};
			name = Release;
		};
/* End XCBuildConfiguration section */

/* Begin XCConfigurationList section */
		198F48652BEC7C4B005AE69C /* Build configuration list for PBXProject "gitDemo" */ = {
			isa = XCConfigurationList;
			buildConfigurations = (
				198F48972BEC7C4C005AE69C /* Debug */,
				198F48982BEC7C4C005AE69C /* Release */,
			);
			defaultConfigurationIsVisible = 0;
			defaultConfigurationName = Release;
		};
		198F48992BEC7C4C005AE69C /* Build configuration list for PBXNativeTarget "gitDemo" */ = {
			isa = XCConfigurationList;
			buildConfigurations = (
				198F489A2BEC7C4C005AE69C /* Debug */,
				198F489B2BEC7C4C005AE69C /* Release */,
			);
			defaultConfigurationIsVisible = 0;
			defaultConfigurationName = Release;
		};
		198F489C2BEC7C4C005AE69C /* Build configuration list for PBXNativeTarget "gitDemoTests" */ = {
			isa = XCConfigurationList;
			buildConfigurations = (
				198F489D2BEC7C4C005AE69C /* Debug */,
				198F489E2BEC7C4C005AE69C /* Release */,
			);
			defaultConfigurationIsVisible = 0;
			defaultConfigurationName = Release;
		};
		198F489F2BEC7C4C005AE69C /* Build configuration list for PBXNativeTarget "gitDemoUITests" */ = {
			isa = XCConfigurationList;
			buildConfigurations = (
				198F48A02BEC7C4C005AE69C /* Debug */,
				198F48A12BEC7C4C005AE69C /* Release */,
			);
			defaultConfigurationIsVisible = 0;
			defaultConfigurationName = Release;
		};
/* End XCConfigurationList section */
	};
	rootObject = 198F48622BEC7C4B005AE69C /* Project object */;
}
